
Microsoft Visual Studio Solution File, Format Version 12.00
# Visual Studio Version 17
VisualStudioVersion = 17.9.34622.214
MinimumVisualStudioVersion = 10.0.40219.1
Project("{FAE04EC0-301F-11D3-BF4B-00C04F79EFBC}") = "VulkaanGids", "VulkaanGids\VulkaanGids.csproj", "{102B5917-8479-47FB-86E3-53BB0AAB17F1}"
EndProject
Global
	GlobalSection(SolutionConfigurationPlatforms) = preSolution
		Debug|Any CPU = Debug|Any CPU
		Release|Any CPU = Release|Any CPU
	EndGlobalSection
	GlobalSection(ProjectConfigurationPlatforms) = postSolution
		{102B5917-8479-47FB-86E3-53BB0AAB17F1}.Debug|Any CPU.ActiveCfg = Debug|Any CPU
		{102B5917-8479-47FB-86E3-53BB0AAB17F1}.Debug|Any CPU.Build.0 = Debug|Any CPU
		{102B5917-8479-47FB-86E3-53BB0AAB17F1}.Release|Any CPU.ActiveCfg = Release|Any CPU
		{102B5917-8479-47FB-86E3-53BB0AAB17F1}.Release|Any CPU.Build.0 = Release|Any CPU
	EndGlobalSection
	GlobalSection(SolutionProperties) = preSolution
		HideSolutionNode = FALSE
	EndGlobalSection
	GlobalSection(ExtensibilityGlobals) = postSolution
		SolutionGuid = {C6A29D4E-43AD-4EA8-893E-6A127B2FB389}
	EndGlobalSection
EndGlobal
